# This file is automatically @generated by Cargo.
# It is not intended for manual editing.
version = 3

[[package]]
name = "tatatakky-pktest"
version = "0.1.0"
source = "registry+https://github.com/rust-lang/crates.io-index"
checksum = "b0f4851d361198fb812251bc2cfa246ee79707a175b9d2d6ff88cdea91e5cb53"

[[package]]
name = "tatatakky-pktest-sample"
version = "0.1.0"
dependencies = [
 "tatatakky-pktest",
]
